
Microsoft Visual Studio Solution File, Format Version 12.00
# Visual Studio Version 17
VisualStudioVersion = 17.14.37516.0 d17.14
MinimumVisualStudioVersion = 10.0.40219.1
Project("{FAE04EC0-301F-11D3-BF4B-00C04F79EFBC}") = "GymManagementAPI", "GymManagementAPI\GymManagementAPI.csproj", "{5E4712C5-BF8B-47D2-A9E1-2DD5A75360DB}"
EndProject
Global
	GlobalSection(SolutionConfigurationPlatforms) = preSolution
		Debug|Any CPU = Debug|Any CPU
		Release|Any CPU = Release|Any CPU
	EndGlobalSection
	GlobalSection(ProjectConfigurationPlatforms) = postSolution
		{5E4712C5-BF8B-47D2-A9E1-2DD5A75360DB}.Debug|Any CPU.ActiveCfg = Debug|Any CPU
		{5E4712C5-BF8B-47D2-A9E1-2DD5A75360DB}.Debug|Any CPU.Build.0 = Debug|Any CPU
		{5E4712C5-BF8B-47D2-A9E1-2DD5A75360DB}.Release|Any CPU.ActiveCfg = Release|Any CPU
		{5E4712C5-BF8B-47D2-A9E1-2DD5A75360DB}.Release|Any CPU.Build.0 = Release|Any CPU
	EndGlobalSection
	GlobalSection(SolutionProperties) = preSolution
		HideSolutionNode = FALSE
	EndGlobalSection
	GlobalSection(ExtensibilityGlobals) = postSolution
		SolutionGuid = {F9B50E6C-F86E-4DFB-BE81-1F9FCD1A4547}
	EndGlobalSection
EndGlobal
